// !$*UTF8*$!
{
	archiveVersion = 1;
	classes = {
	};
	objectVersion = 48;
	objects = {

/* Begin PBXBuildFile section */
		0BB8499D1F3862D500F6BDAE /* AppDelegate.swift in Sources */ = {isa = PBXBuildFile; fileRef = 0BB8499C1F3862D500F6BDAE /* AppDelegate.swift */; };
		0BB8499F1F3862D500F6BDAE /* ViewController.swift in Sources */ = {isa = PBXBuildFile; fileRef = 0BB8499E1F3862D500F6BDAE /* ViewController.swift */; };
		0BB849A21F3862D500F6BDAE /* Main.storyboard in Resources */ = {isa = PBXBuildFile; fileRef = 0BB849A01F3862D500F6BDAE /* Main.storyboard */; };
		0BB849A41F3862D500F6BDAE /* Assets.xcassets in Resources */ = {isa = PBXBuildFile; fileRef = 0BB849A31F3862D500F6BDAE /* Assets.xcassets */; };
		0BB849A71F3862D500F6BDAE /* LaunchScreen.storyboard in Resources */ = {isa = PBXBuildFile; fileRef = 0BB849A51F3862D500F6BDAE /* LaunchScreen.storyboard */; };
		65A11224BD2A848CFE7692C3 /* Pods_AR_Drawing.framework in Frameworks */ = {isa = PBXBuildFile; fileRef = A7C00C1C0ADE72AF043327CC /* Pods_AR_Drawing.framework */; };
		8A7861E222D886A80040C83F /* InfoViewController.swift in Sources */ = {isa = PBXBuildFile; fileRef = 8A7861E122D886A80040C83F /* InfoViewController.swift */; };
		8A9A1ED922DD17E400D87E53 /* RulerViewController.swift in Sources */ = {isa = PBXBuildFile; fileRef = 8A9A1ED822DD17E400D87E53 /* RulerViewController.swift */; };
		8A9A1EDB22DD1B9C00D87E53 /* assets.scnassets in Resources */ = {isa = PBXBuildFile; fileRef = 8A9A1EDA22DD1B9C00D87E53 /* assets.scnassets */; };
		8AE0001D22D5FF010045E2ED /* TTNorms-Bold.otf in Resources */ = {isa = PBXBuildFile; fileRef = 8AE0001B22D5FF010045E2ED /* TTNorms-Bold.otf */; };
		8AE0001E22D5FF010045E2ED /* TTNorms-Medium.otf in Resources */ = {isa = PBXBuildFile; fileRef = 8AE0001C22D5FF010045E2ED /* TTNorms-Medium.otf */; };
		8AE0002222D5FF0D0045E2ED /* UIButton + Custom.swift in Sources */ = {isa = PBXBuildFile; fileRef = 8AE0001F22D5FF0C0045E2ED /* UIButton + Custom.swift */; };
		8AE0002422D5FF0D0045E2ED /* UIColor + Custom.swift in Sources */ = {isa = PBXBuildFile; fileRef = 8AE0002122D5FF0C0045E2ED /* UIColor + Custom.swift */; };
		8AE0002722D5FF130045E2ED /* Constants.swift in Sources */ = {isa = PBXBuildFile; fileRef = 8AE0002522D5FF130045E2ED /* Constants.swift */; };
		8AE0002822D5FF130045E2ED /* Constraints.swift in Sources */ = {isa = PBXBuildFile; fileRef = 8AE0002622D5FF130045E2ED /* Constraints.swift */; };
/* End PBXBuildFile section */

/* Begin PBXFileReference section */
		0BB849991F3862D500F6BDAE /* AR Drawing.app */ = {isa = PBXFileReference; explicitFileType = wrapper.application; includeInIndex = 0; path = "AR Drawing.app"; sourceTree = BUILT_PRODUCTS_DIR; };
		0BB8499C1F3862D500F6BDAE /* AppDelegate.swift */ = {isa = PBXFileReference; lastKnownFileType = sourcecode.swift; path = AppDelegate.swift; sourceTree = "<group>"; };
		0BB8499E1F3862D500F6BDAE /* ViewController.swift */ = {isa = PBXFileReference; lastKnownFileType = sourcecode.swift; path = ViewController.swift; sourceTree = "<group>"; };
		0BB849A11F3862D500F6BDAE /* Base */ = {isa = PBXFileReference; lastKnownFileType = file.storyboard; name = Base; path = Base.lproj/Main.storyboard; sourceTree = "<group>"; };
		0BB849A31F3862D500F6BDAE /* Assets.xcassets */ = {isa = PBXFileReference; lastKnownFileType = folder.assetcatalog; path = Assets.xcassets; sourceTree = "<group>"; };
		0BB849A61F3862D500F6BDAE /* Base */ = {isa = PBXFileReference; lastKnownFileType = file.storyboard; name = Base; path = Base.lproj/LaunchScreen.storyboard; sourceTree = "<group>"; };
		0BB849A81F3862D500F6BDAE /* Info.plist */ = {isa = PBXFileReference; lastKnownFileType = text.plist.xml; path = Info.plist; sourceTree = "<group>"; };
		316F0F2BAEDF59AAF514061D /* Pods-AR Drawing.debug.xcconfig */ = {isa = PBXFileReference; includeInIndex = 1; lastKnownFileType = text.xcconfig; name = "Pods-AR Drawing.debug.xcconfig"; path = "Target Support Files/Pods-AR Drawing/Pods-AR Drawing.debug.xcconfig"; sourceTree = "<group>"; };
		8A7861E122D886A80040C83F /* InfoViewController.swift */ = {isa = PBXFileReference; lastKnownFileType = sourcecode.swift; path = InfoViewController.swift; sourceTree = "<group>"; };
		8A9A1ED822DD17E400D87E53 /* RulerViewController.swift */ = {isa = PBXFileReference; lastKnownFileType = sourcecode.swift; path = RulerViewController.swift; sourceTree = "<group>"; };
		8A9A1EDA22DD1B9C00D87E53 /* assets.scnassets */ = {isa = PBXFileReference; lastKnownFileType = wrapper.scnassets; path = assets.scnassets; sourceTree = "<group>"; };
		8AE0001B22D5FF010045E2ED /* TTNorms-Bold.otf */ = {isa = PBXFileReference; lastKnownFileType = file; path = "TTNorms-Bold.otf"; sourceTree = "<group>"; };
		8AE0001C22D5FF010045E2ED /* TTNorms-Medium.otf */ = {isa = PBXFileReference; lastKnownFileType = file; path = "TTNorms-Medium.otf"; sourceTree = "<group>"; };
		8AE0001F22D5FF0C0045E2ED /* UIButton + Custom.swift */ = {isa = PBXFileReference; fileEncoding = 4; lastKnownFileType = sourcecode.swift; path = "UIButton + Custom.swift"; sourceTree = "<group>"; };
		8AE0002122D5FF0C0045E2ED /* UIColor + Custom.swift */ = {isa = PBXFileReference; fileEncoding = 4; lastKnownFileType = sourcecode.swift; path = "UIColor + Custom.swift"; sourceTree = "<group>"; };
		8AE0002522D5FF130045E2ED /* Constants.swift */ = {isa = PBXFileReference; fileEncoding = 4; lastKnownFileType = sourcecode.swift; path = Constants.swift; sourceTree = "<group>"; };
		8AE0002622D5FF130045E2ED /* Constraints.swift */ = {isa = PBXFileReference; fileEncoding = 4; lastKnownFileType = sourcecode.swift; path = Constraints.swift; sourceTree = "<group>"; };
		8DE2E18D7ED6075D160D50DC /* Pods-AR Drawing.release.xcconfig */ = {isa = PBXFileReference; includeInIndex = 1; lastKnownFileType = text.xcconfig; name = "Pods-AR Drawing.release.xcconfig"; path = "Target Support Files/Pods-AR Drawing/Pods-AR Drawing.release.xcconfig"; sourceTree = "<group>"; };
		A7C00C1C0ADE72AF043327CC /* Pods_AR_Drawing.framework */ = {isa = PBXFileReference; explicitFileType = wrapper.framework; includeInIndex = 0; path = Pods_AR_Drawing.framework; sourceTree = BUILT_PRODUCTS_DIR; };
/* End PBXFileReference section */

/* Begin PBXFrameworksBuildPhase section */
		0BB849961F3862D500F6BDAE /* Frameworks */ = {
			isa = PBXFrameworksBuildPhase;
			buildActionMask = 2147483647;
			files = (
				65A11224BD2A848CFE7692C3 /* Pods_AR_Drawing.framework in Frameworks */,
			);
			runOnlyForDeploymentPostprocessing = 0;
		};
/* End PBXFrameworksBuildPhase section */

/* Begin PBXGroup section */
		0BB849901F3862D500F6BDAE = {
			isa = PBXGroup;
			children = (
				0BB8499B1F3862D500F6BDAE /* AR Drawing */,
				0BB8499A1F3862D500F6BDAE /* Products */,
				344416E01FB711DAF0D510C4 /* Pods */,
				AC7E36601054AB83A180EB98 /* Frameworks */,
			);
			sourceTree = "<group>";
		};
		0BB8499A1F3862D500F6BDAE /* Products */ = {
			isa = PBXGroup;
			children = (
				0BB849991F3862D500F6BDAE /* AR Drawing.app */,
			);
			name = Products;
			sourceTree = "<group>";
		};
		0BB8499B1F3862D500F6BDAE /* AR Drawing */ = {
			isa = PBXGroup;
			children = (
				0BB8499C1F3862D500F6BDAE /* AppDelegate.swift */,
				0BB8499E1F3862D500F6BDAE /* ViewController.swift */,
				0BB849A01F3862D500F6BDAE /* Main.storyboard */,
				0BB849A31F3862D500F6BDAE /* Assets.xcassets */,
				0BB849A51F3862D500F6BDAE /* LaunchScreen.storyboard */,
				8A9A1EDA22DD1B9C00D87E53 /* assets.scnassets */,
				0BB849A81F3862D500F6BDAE /* Info.plist */,
				8AE0001922D5FE7C0045E2ED /* Helpers */,
				8A7861E122D886A80040C83F /* InfoViewController.swift */,
				8A9A1ED822DD17E400D87E53 /* RulerViewController.swift */,
			);
			path = "AR Drawing";
			sourceTree = "<group>";
		};
		344416E01FB711DAF0D510C4 /* Pods */ = {
			isa = PBXGroup;
			children = (
				316F0F2BAEDF59AAF514061D /* Pods-AR Drawing.debug.xcconfig */,
				8DE2E18D7ED6075D160D50DC /* Pods-AR Drawing.release.xcconfig */,
			);
			path = Pods;
			sourceTree = "<group>";
		};
		8AE0001922D5FE7C0045E2ED /* Helpers */ = {
			isa = PBXGroup;
			children = (
				8AE0002522D5FF130045E2ED /* Constants.swift */,
				8AE0002622D5FF130045E2ED /* Constraints.swift */,
				8AE0001F22D5FF0C0045E2ED /* UIButton + Custom.swift */,
				8AE0002122D5FF0C0045E2ED /* UIColor + Custom.swift */,
				8AE0001A22D5FF010045E2ED /* Fonts */,
			);
			path = Helpers;
			sourceTree = "<group>";
		};
		8AE0001A22D5FF010045E2ED /* Fonts */ = {
			isa = PBXGroup;
			children = (
				8AE0001B22D5FF010045E2ED /* TTNorms-Bold.otf */,
				8AE0001C22D5FF010045E2ED /* TTNorms-Medium.otf */,
			);
			path = Fonts;
			sourceTree = "<group>";
		};
		AC7E36601054AB83A180EB98 /* Frameworks */ = {
			isa = PBXGroup;
			children = (
				A7C00C1C0ADE72AF043327CC /* Pods_AR_Drawing.framework */,
			);
			name = Frameworks;
			sourceTree = "<group>";
		};
/* End PBXGroup section */

/* Begin PBXNativeTarget section */
		0BB849981F3862D500F6BDAE /* AR Drawing */ = {
			isa = PBXNativeTarget;
			buildConfigurationList = 0BB849AB1F3862D500F6BDAE /* Build configuration list for PBXNativeTarget "AR Drawing" */;
			buildPhases = (
				214C70D07078DD7A60F93F6C /* [CP] Check Pods Manifest.lock */,
				0BB849951F3862D500F6BDAE /* Sources */,
				0BB849961F3862D500F6BDAE /* Frameworks */,
				0BB849971F3862D500F6BDAE /* Resources */,
				E31E8958FD3FDC92BCFB721F /* [CP] Embed Pods Frameworks */,
			);
			buildRules = (
			);
			dependencies = (
			);
			name = "AR Drawing";
			productName = "AR Drawing";
			productReference = 0BB849991F3862D500F6BDAE /* AR Drawing.app */;
			productType = "com.apple.product-type.application";
		};
/* End PBXNativeTarget section */

/* Begin PBXProject section */
		0BB849911F3862D500F6BDAE /* Project object */ = {
			isa = PBXProject;
			attributes = {
				LastSwiftUpdateCheck = 0900;
				LastUpgradeCheck = 1020;
				ORGANIZATIONNAME = "Rayan Slim";
				TargetAttributes = {
					0BB849981F3862D500F6BDAE = {
						CreatedOnToolsVersion = 9.0;
					};
				};
			};
			buildConfigurationList = 0BB849941F3862D500F6BDAE /* Build configuration list for PBXProject "AR Drawing" */;
			compatibilityVersion = "Xcode 8.0";
			developmentRegion = en;
			hasScannedForEncodings = 0;
			knownRegions = (
				en,
				Base,
			);
			mainGroup = 0BB849901F3862D500F6BDAE;
			productRefGroup = 0BB8499A1F3862D500F6BDAE /* Products */;
			projectDirPath = "";
			projectRoot = "";
			targets = (
				0BB849981F3862D500F6BDAE /* AR Drawing */,
			);
		};
/* End PBXProject section */

/* Begin PBXResourcesBuildPhase section */
		0BB849971F3862D500F6BDAE /* Resources */ = {
			isa = PBXResourcesBuildPhase;
			buildActionMask = 2147483647;
			files = (
				8AE0001D22D5FF010045E2ED /* TTNorms-Bold.otf in Resources */,
				8A9A1EDB22DD1B9C00D87E53 /* assets.scnassets in Resources */,
				0BB849A71F3862D500F6BDAE /* LaunchScreen.storyboard in Resources */,
				0BB849A41F3862D500F6BDAE /* Assets.xcassets in Resources */,
				8AE0001E22D5FF010045E2ED /* TTNorms-Medium.otf in Resources */,
				0BB849A21F3862D500F6BDAE /* Main.storyboard in Resources */,
			);
			runOnlyForDeploymentPostprocessing = 0;
		};
/* End PBXResourcesBuildPhase section */

/* Begin PBXShellScriptBuildPhase section */
		214C70D07078DD7A60F93F6C /* [CP] Check Pods Manifest.lock */ = {
			isa = PBXShellScriptBuildPhase;
			buildActionMask = 2147483647;
			files = (
			);
			inputFileListPaths = (
			);
			inputPaths = (
				"${PODS_PODFILE_DIR_PATH}/Podfile.lock",
				"${PODS_ROOT}/Manifest.lock",
			);
			name = "[CP] Check Pods Manifest.lock";
			outputFileListPaths = (
			);
			outputPaths = (
				"$(DERIVED_FILE_DIR)/Pods-AR Drawing-checkManifestLockResult.txt",
			);
			runOnlyForDeploymentPostprocessing = 0;
			shellPath = /bin/sh;
			shellScript = "diff \"${PODS_PODFILE_DIR_PATH}/Podfile.lock\" \"${PODS_ROOT}/Manifest.lock\" > /dev/null\nif [ $? != 0 ] ; then\n    # print error to STDERR\n    echo \"error: The sandbox is not in sync with the Podfile.lock. Run 'pod install' or update your CocoaPods installation.\" >&2\n    exit 1\nfi\n# This output is used by Xcode 'outputs' to avoid re-running this script phase.\necho \"SUCCESS\" > \"${SCRIPT_OUTPUT_FILE_0}\"\n";
			showEnvVarsInLog = 0;
		};
		E31E8958FD3FDC92BCFB721F /* [CP] Embed Pods Frameworks */ = {
			isa = PBXShellScriptBuildPhase;
			buildActionMask = 2147483647;
			files = (
			);
			inputFileListPaths = (
			);
			inputPaths = (
				"${PODS_ROOT}/Target Support Files/Pods-AR Drawing/Pods-AR Drawing-frameworks.sh",
				"${BUILT_PRODUCTS_DIR}/AssetImportKit/AssetImportKit.framework",
				"${BUILT_PRODUCTS_DIR}/ColorPickTip/ColorPickTip.framework",
			);
			name = "[CP] Embed Pods Frameworks";
			outputFileListPaths = (
			);
			outputPaths = (
				"${TARGET_BUILD_DIR}/${FRAMEWORKS_FOLDER_PATH}/AssetImportKit.framework",
				"${TARGET_BUILD_DIR}/${FRAMEWORKS_FOLDER_PATH}/ColorPickTip.framework",
			);
			runOnlyForDeploymentPostprocessing = 0;
			shellPath = /bin/sh;
			shellScript = "\"${PODS_ROOT}/Target Support Files/Pods-AR Drawing/Pods-AR Drawing-frameworks.sh\"\n";
			showEnvVarsInLog = 0;
		};
/* End PBXShellScriptBuildPhase section */

/* Begin PBXSourcesBuildPhase section */
		0BB849951F3862D500F6BDAE /* Sources */ = {
			isa = PBXSourcesBuildPhase;
			buildActionMask = 2147483647;
			files = (
				0BB8499F1F3862D500F6BDAE /* ViewController.swift in Sources */,
				8AE0002822D5FF130045E2ED /* Constraints.swift in Sources */,
				8AE0002422D5FF0D0045E2ED /* UIColor + Custom.swift in Sources */,
				8A7861E222D886A80040C83F /* InfoViewController.swift in Sources */,
				0BB8499D1F3862D500F6BDAE /* AppDelegate.swift in Sources */,
				8A9A1ED922DD17E400D87E53 /* RulerViewController.swift in Sources */,
				8AE0002222D5FF0D0045E2ED /* UIButton + Custom.swift in Sources */,
				8AE0002722D5FF130045E2ED /* Constants.swift in Sources */,
			);
			runOnlyForDeploymentPostprocessing = 0;
		};
/* End PBXSourcesBuildPhase section */

/* Begin PBXVariantGroup section */
		0BB849A01F3862D500F6BDAE /* Main.storyboard */ = {
			isa = PBXVariantGroup;
			children = (
				0BB849A11F3862D500F6BDAE /* Base */,
			);
			name = Main.storyboard;
			sourceTree = "<group>";
		};
		0BB849A51F3862D500F6BDAE /* LaunchScreen.storyboard */ = {
			isa = PBXVariantGroup;
			children = (
				0BB849A61F3862D500F6BDAE /* Base */,
			);
			name = LaunchScreen.storyboard;
			sourceTree = "<group>";
		};
/* End PBXVariantGroup section */

/* Begin XCBuildConfiguration section */
		0BB849A91F3862D500F6BDAE /* Debug */ = {
			isa = XCBuildConfiguration;
			buildSettings = {
				ALWAYS_SEARCH_USER_PATHS = NO;
				CLANG_ANALYZER_NONNULL = YES;
				CLANG_ANALYZER_NUMBER_OBJECT_CONVERSION = YES_AGGRESSIVE;
				CLANG_CXX_LANGUAGE_STANDARD = "gnu++14";
				CLANG_CXX_LIBRARY = "libc++";
				CLANG_ENABLE_MODULES = YES;
				CLANG_ENABLE_OBJC_ARC = YES;
				CLANG_WARN_BLOCK_CAPTURE_AUTORELEASING = YES;
				CLANG_WARN_BOOL_CONVERSION = YES;
				CLANG_WARN_COMMA = YES;
				CLANG_WARN_CONSTANT_CONVERSION = YES;
				CLANG_WARN_DEPRECATED_OBJC_IMPLEMENTATIONS = YES;
				CLANG_WARN_DIRECT_OBJC_ISA_USAGE = YES_ERROR;
				CLANG_WARN_DOCUMENTATION_COMMENTS = YES;
				CLANG_WARN_EMPTY_BODY = YES;
				CLANG_WARN_ENUM_CONVERSION = YES;
				CLANG_WARN_INFINITE_RECURSION = YES;
				CLANG_WARN_INT_CONVERSION = YES;
				CLANG_WARN_NON_LITERAL_NULL_CONVERSION = YES;
				CLANG_WARN_OBJC_IMPLICIT_RETAIN_SELF = YES;
				CLANG_WARN_OBJC_LITERAL_CONVERSION = YES;
				CLANG_WARN_OBJC_ROOT_CLASS = YES_ERROR;
				CLANG_WARN_RANGE_LOOP_ANALYSIS = YES;
				CLANG_WARN_STRICT_PROTOTYPES = YES;
				CLANG_WARN_SUSPICIOUS_MOVE = YES;
				CLANG_WARN_UNGUARDED_AVAILABILITY = YES_AGGRESSIVE;
				CLANG_WARN_UNREACHABLE_CODE = YES;
				CLANG_WARN__DUPLICATE_METHOD_MATCH = YES;
				CODE_SIGN_IDENTITY = "iPhone Developer";
				COPY_PHASE_STRIP = NO;
				DEBUG_INFORMATION_FORMAT = dwarf;
				ENABLE_STRICT_OBJC_MSGSEND = YES;
				ENABLE_TESTABILITY = YES;
				GCC_C_LANGUAGE_STANDARD = gnu11;
				GCC_DYNAMIC_NO_PIC = NO;
				GCC_NO_COMMON_BLOCKS = YES;
				GCC_OPTIMIZATION_LEVEL = 0;
				GCC_PREPROCESSOR_DEFINITIONS = (
					"DEBUG=1",
					"$(inherited)",
				);
				GCC_WARN_64_TO_32_BIT_CONVERSION = YES;
				GCC_WARN_ABOUT_RETURN_TYPE = YES_ERROR;
				GCC_WARN_UNDECLARED_SELECTOR = YES;
				GCC_WARN_UNINITIALIZED_AUTOS = YES_AGGRESSIVE;
				GCC_WARN_UNUSED_FUNCTION = YES;
				GCC_WARN_UNUSED_VARIABLE = YES;
				IPHONEOS_DEPLOYMENT_TARGET = 11.0;
				MTL_ENABLE_DEBUG_INFO = YES;
				ONLY_ACTIVE_ARCH = YES;
				SDKROOT = iphoneos;
				SWIFT_ACTIVE_COMPILATION_CONDITIONS = DEBUG;
				SWIFT_OPTIMIZATION_LEVEL = "-Onone";
			};
			name = Debug;
		};
		0BB849AA1F3862D500F6BDAE /* Release */ = {
			isa = XCBuildConfiguration;
			buildSettings = {
				ALWAYS_SEARCH_USER_PATHS = NO;
				CLANG_ANALYZER_NONNULL = YES;
				CLANG_ANALYZER_NUMBER_OBJECT_CONVERSION = YES_AGGRESSIVE;
				CLANG_CXX_LANGUAGE_STANDARD = "gnu++14";
				CLANG_CXX_LIBRARY = "libc++";
				CLANG_ENABLE_MODULES = YES;
				CLANG_ENABLE_OBJC_ARC = YES;
				CLANG_WARN_BLOCK_CAPTURE_AUTORELEASING = YES;
				CLANG_WARN_BOOL_CONVERSION = YES;
				CLANG_WARN_COMMA = YES;
				CLANG_WARN_CONSTANT_CONVERSION = YES;
				CLANG_WARN_DEPRECATED_OBJC_IMPLEMENTATIONS = YES;
				CLANG_WARN_DIRECT_OBJC_ISA_USAGE = YES_ERROR;
				CLANG_WARN_DOCUMENTATION_COMMENTS = YES;
				CLANG_WARN_EMPTY_BODY = YES;
				CLANG_WARN_ENUM_CONVERSION = YES;
				CLANG_WARN_INFINITE_RECURSION = YES;
				CLANG_WARN_INT_CONVERSION = YES;
				CLANG_WARN_NON_LITERAL_NULL_CONVERSION = YES;
				CLANG_WARN_OBJC_IMPLICIT_RETAIN_SELF = YES;
				CLANG_WARN_OBJC_LITERAL_CONVERSION = YES;
				CLANG_WARN_OBJC_ROOT_CLASS = YES_ERROR;
				CLANG_WARN_RANGE_LOOP_ANALYSIS = YES;
				CLANG_WARN_STRICT_PROTOTYPES = YES;
				CLANG_WARN_SUSPICIOUS_MOVE = YES;
				CLANG_WARN_UNGUARDED_AVAILABILITY = YES_AGGRESSIVE;
				CLANG_WARN_UNREACHABLE_CODE = YES;
				CLANG_WARN__DUPLICATE_METHOD_MATCH = YES;
				CODE_SIGN_IDENTITY = "iPhone Developer";
				COPY_PHASE_STRIP = NO;
				DEBUG_INFORMATION_FORMAT = "dwarf-with-dsym";
				ENABLE_NS_ASSERTIONS = NO;
				ENABLE_STRICT_OBJC_MSGSEND = YES;
				GCC_C_LANGUAGE_STANDARD = gnu11;
				GCC_NO_COMMON_BLOCKS = YES;
				GCC_WARN_64_TO_32_BIT_CONVERSION = YES;
				GCC_WARN_ABOUT_RETURN_TYPE = YES_ERROR;
				GCC_WARN_UNDECLARED_SELECTOR = YES;
				GCC_WARN_UNINITIALIZED_AUTOS = YES_AGGRESSIVE;
				GCC_WARN_UNUSED_FUNCTION = YES;
				GCC_WARN_UNUSED_VARIABLE = YES;
				IPHONEOS_DEPLOYMENT_TARGET = 11.0;
				MTL_ENABLE_DEBUG_INFO = NO;
				SDKROOT = iphoneos;
				SWIFT_OPTIMIZATION_LEVEL = "-Owholemodule";
				VALIDATE_PRODUCT = YES;
			};
			name = Release;
		};
		0BB849AC1F3862D500F6BDAE /* Debug */ = {
			isa = XCBuildConfiguration;
			baseConfigurationReference = 316F0F2BAEDF59AAF514061D /* Pods-AR Drawing.debug.xcconfig */;
			buildSettings = {
				ASSETCATALOG_COMPILER_APPICON_NAME = AppIcon;
				DEVELOPMENT_TEAM = 76FNC2L3PL;
				INFOPLIST_FILE = "AR Drawing/Info.plist";
				LD_RUNPATH_SEARCH_PATHS = "$(inherited) @executable_path/Frameworks";
				PRODUCT_BUNDLE_IDENTIFIER = "com.taijased.AR-Drawing";
				PRODUCT_NAME = "$(TARGET_NAME)";
				SWIFT_VERSION = 5.0;
				TARGETED_DEVICE_FAMILY = 1;
			};
			name = Debug;
		};
		0BB849AD1F3862D500F6BDAE /* Release */ = {
			isa = XCBuildConfiguration;
			baseConfigurationReference = 8DE2E18D7ED6075D160D50DC /* Pods-AR Drawing.release.xcconfig */;
			buildSettings = {
				ASSETCATALOG_COMPILER_APPICON_NAME = AppIcon;
				DEVELOPMENT_TEAM = 76FNC2L3PL;
				INFOPLIST_FILE = "AR Drawing/Info.plist";
				LD_RUNPATH_SEARCH_PATHS = "$(inherited) @executable_path/Frameworks";
				PRODUCT_BUNDLE_IDENTIFIER = "com.taijased.AR-Drawing";
				PRODUCT_NAME = "$(TARGET_NAME)";
				SWIFT_VERSION = 5.0;
				TARGETED_DEVICE_FAMILY = 1;
			};
			name = Release;
		};
/* End XCBuildConfiguration section */

/* Begin XCConfigurationList section */
		0BB849941F3862D500F6BDAE /* Build configuration list for PBXProject "AR Drawing" */ = {
			isa = XCConfigurationList;
			buildConfigurations = (
				0BB849A91F3862D500F6BDAE /* Debug */,
				0BB849AA1F3862D500F6BDAE /* Release */,
			);
			defaultConfigurationIsVisible = 0;
			defaultConfigurationName = Release;
		};
		0BB849AB1F3862D500F6BDAE /* Build configuration list for PBXNativeTarget "AR Drawing" */ = {
			isa = XCConfigurationList;
			buildConfigurations = (
				0BB849AC1F3862D500F6BDAE /* Debug */,
				0BB849AD1F3862D500F6BDAE /* Release */,
			);
			defaultConfigurationIsVisible = 0;
			defaultConfigurationName = Release;
		};
/* End XCConfigurationList section */
	};
	rootObject = 0BB849911F3862D500F6BDAE /* Project object */;
}
